
Microsoft Visual Studio Solution File, Format Version 11.00
# Visual Studio 2010
Project("{FAE04EC0-301F-11D3-BF4B-00C04F79EFBC}") = "llum", "llum\llum.csproj", "{27727C7A-AA1A-4D4E-8D7D-CEB66060C8C3}"
EndProject
Project("{9344bdbb-3e7f-41fc-a0dd-8665d75ee146}") = "llumTranslation", "llumTranslation\llumTranslation.mdproj", "{6E142B8F-B25D-4AD8-856B-88814EA5C35E}"
EndProject
Global
	GlobalSection(SolutionConfigurationPlatforms) = preSolution
		Debug|x86 = Debug|x86
		Release|x86 = Release|x86
	EndGlobalSection
	GlobalSection(ProjectConfigurationPlatforms) = postSolution
		{27727C7A-AA1A-4D4E-8D7D-CEB66060C8C3}.Debug|x86.ActiveCfg = Debug|x86
		{27727C7A-AA1A-4D4E-8D7D-CEB66060C8C3}.Debug|x86.Build.0 = Debug|x86
		{27727C7A-AA1A-4D4E-8D7D-CEB66060C8C3}.Release|x86.ActiveCfg = Release|x86
		{27727C7A-AA1A-4D4E-8D7D-CEB66060C8C3}.Release|x86.Build.0 = Release|x86
		{6E142B8F-B25D-4AD8-856B-88814EA5C35E}.Debug|x86.ActiveCfg = Debug|Any CPU
		{6E142B8F-B25D-4AD8-856B-88814EA5C35E}.Release|x86.ActiveCfg = Release|Any CPU
	EndGlobalSection
	GlobalSection(MonoDevelopProperties) = preSolution
		StartupItem = llum\llum.csproj
	EndGlobalSection
EndGlobal
